// !$*UTF8*$!
{
	archiveVersion = 1;
	classes = {
	};
	objectVersion = 50;
	objects = {

/* Begin PBXBuildFile section */
		EB52590323D0D4A1008A562E /* AppDelegate.swift in Sources */ = {isa = PBXBuildFile; fileRef = EB52590223D0D4A1008A562E /* AppDelegate.swift */; };
		EB52590523D0D4A1008A562E /* SceneDelegate.swift in Sources */ = {isa = PBXBuildFile; fileRef = EB52590423D0D4A1008A562E /* SceneDelegate.swift */; };
		EB52590723D0D4A1008A562E /* ViewController.swift in Sources */ = {isa = PBXBuildFile; fileRef = EB52590623D0D4A1008A562E /* ViewController.swift */; };
		EB52590A23D0D4A1008A562E /* Main.storyboard in Resources */ = {isa = PBXBuildFile; fileRef = EB52590823D0D4A1008A562E /* Main.storyboard */; };
		EB52590C23D0D4A7008A562E /* Assets.xcassets in Resources */ = {isa = PBXBuildFile; fileRef = EB52590B23D0D4A7008A562E /* Assets.xcassets */; };
		EB52590F23D0D4A7008A562E /* LaunchScreen.storyboard in Resources */ = {isa = PBXBuildFile; fileRef = EB52590D23D0D4A7008A562E /* LaunchScreen.storyboard */; };
		EB52591923D0DB0A008A562E /* Model.swift in Sources */ = {isa = PBXBuildFile; fileRef = EB52591823D0DB0A008A562E /* Model.swift */; };
		EB52591C23D1169B008A562E /* CountryTableViewCell.swift in Sources */ = {isa = PBXBuildFile; fileRef = EB52591A23D1169B008A562E /* CountryTableViewCell.swift */; };
		EB52591D23D1169B008A562E /* CountryTableViewCell.xib in Resources */ = {isa = PBXBuildFile; fileRef = EB52591B23D1169B008A562E /* CountryTableViewCell.xib */; };
/* End PBXBuildFile section */

/* Begin PBXFileReference section */
		EB5258FF23D0D4A1008A562E /* MVC tableView.app */ = {isa = PBXFileReference; explicitFileType = wrapper.application; includeInIndex = 0; path = "MVC tableView.app"; sourceTree = BUILT_PRODUCTS_DIR; };
		EB52590223D0D4A1008A562E /* AppDelegate.swift */ = {isa = PBXFileReference; lastKnownFileType = sourcecode.swift; path = AppDelegate.swift; sourceTree = "<group>"; };
		EB52590423D0D4A1008A562E /* SceneDelegate.swift */ = {isa = PBXFileReference; lastKnownFileType = sourcecode.swift; path = SceneDelegate.swift; sourceTree = "<group>"; };
		EB52590623D0D4A1008A562E /* ViewController.swift */ = {isa = PBXFileReference; lastKnownFileType = sourcecode.swift; path = ViewController.swift; sourceTree = "<group>"; };
		EB52590923D0D4A1008A562E /* Base */ = {isa = PBXFileReference; lastKnownFileType = file.storyboard; name = Base; path = Base.lproj/Main.storyboard; sourceTree = "<group>"; };
		EB52590B23D0D4A7008A562E /* Assets.xcassets */ = {isa = PBXFileReference; lastKnownFileType = folder.assetcatalog; path = Assets.xcassets; sourceTree = "<group>"; };
		EB52590E23D0D4A7008A562E /* Base */ = {isa = PBXFileReference; lastKnownFileType = file.storyboard; name = Base; path = Base.lproj/LaunchScreen.storyboard; sourceTree = "<group>"; };
		EB52591023D0D4A7008A562E /* Info.plist */ = {isa = PBXFileReference; lastKnownFileType = text.plist.xml; path = Info.plist; sourceTree = "<group>"; };
		EB52591823D0DB0A008A562E /* Model.swift */ = {isa = PBXFileReference; lastKnownFileType = sourcecode.swift; path = Model.swift; sourceTree = "<group>"; };
		EB52591A23D1169B008A562E /* CountryTableViewCell.swift */ = {isa = PBXFileReference; lastKnownFileType = sourcecode.swift; path = CountryTableViewCell.swift; sourceTree = "<group>"; };
		EB52591B23D1169B008A562E /* CountryTableViewCell.xib */ = {isa = PBXFileReference; lastKnownFileType = file.xib; path = CountryTableViewCell.xib; sourceTree = "<group>"; };
/* End PBXFileReference section */

/* Begin PBXFrameworksBuildPhase section */
		EB5258FC23D0D4A1008A562E /* Frameworks */ = {
			isa = PBXFrameworksBuildPhase;
			buildActionMask = 2147483647;
			files = (
			);
			runOnlyForDeploymentPostprocessing = 0;
		};
/* End PBXFrameworksBuildPhase section */

/* Begin PBXGroup section */
		EB5258F623D0D4A0008A562E = {
			isa = PBXGroup;
			children = (
				EB52590123D0D4A1008A562E /* MVC tableView */,
				EB52590023D0D4A1008A562E /* Products */,
			);
			sourceTree = "<group>";
		};
		EB52590023D0D4A1008A562E /* Products */ = {
			isa = PBXGroup;
			children = (
				EB5258FF23D0D4A1008A562E /* MVC tableView.app */,
			);
			name = Products;
			sourceTree = "<group>";
		};
		EB52590123D0D4A1008A562E /* MVC tableView */ = {
			isa = PBXGroup;
			children = (
				EB52590223D0D4A1008A562E /* AppDelegate.swift */,
				EB52590423D0D4A1008A562E /* SceneDelegate.swift */,
				EB52591F23D162BB008A562E /* Controller */,
				EB52591E23D16279008A562E /* View */,
				EB52592023D162DE008A562E /* Model */,
				EB52590B23D0D4A7008A562E /* Assets.xcassets */,
				EB52590D23D0D4A7008A562E /* LaunchScreen.storyboard */,
				EB52591023D0D4A7008A562E /* Info.plist */,
			);
			path = "MVC tableView";
			sourceTree = "<group>";
		};
		EB52591E23D16279008A562E /* View */ = {
			isa = PBXGroup;
			children = (
				EB52591A23D1169B008A562E /* CountryTableViewCell.swift */,
				EB52591B23D1169B008A562E /* CountryTableViewCell.xib */,
				EB52590823D0D4A1008A562E /* Main.storyboard */,
			);
			path = View;
			sourceTree = "<group>";
		};
		EB52591F23D162BB008A562E /* Controller */ = {
			isa = PBXGroup;
			children = (
				EB52590623D0D4A1008A562E /* ViewController.swift */,
			);
			path = Controller;
			sourceTree = "<group>";
		};
		EB52592023D162DE008A562E /* Model */ = {
			isa = PBXGroup;
			children = (
				EB52591823D0DB0A008A562E /* Model.swift */,
			);
			path = Model;
			sourceTree = "<group>";
		};
/* End PBXGroup section */

/* Begin PBXNativeTarget section */
		EB5258FE23D0D4A1008A562E /* MVC tableView */ = {
			isa = PBXNativeTarget;
			buildConfigurationList = EB52591323D0D4A7008A562E /* Build configuration list for PBXNativeTarget "MVC tableView" */;
			buildPhases = (
				EB5258FB23D0D4A1008A562E /* Sources */,
				EB5258FC23D0D4A1008A562E /* Frameworks */,
				EB5258FD23D0D4A1008A562E /* Resources */,
			);
			buildRules = (
			);
			dependencies = (
			);
			name = "MVC tableView";
			productName = "MVC tableView";
			productReference = EB5258FF23D0D4A1008A562E /* MVC tableView.app */;
			productType = "com.apple.product-type.application";
		};
/* End PBXNativeTarget section */

/* Begin PBXProject section */
		EB5258F723D0D4A0008A562E /* Project object */ = {
			isa = PBXProject;
			attributes = {
				LastSwiftUpdateCheck = 1130;
				LastUpgradeCheck = 1130;
				ORGANIZATIONNAME = "SRIKIRAN INAGANTI";
				TargetAttributes = {
					EB5258FE23D0D4A1008A562E = {
						CreatedOnToolsVersion = 11.3.1;
					};
				};
			};
			buildConfigurationList = EB5258FA23D0D4A0008A562E /* Build configuration list for PBXProject "MVC tableView" */;
			compatibilityVersion = "Xcode 9.3";
			developmentRegion = en;
			hasScannedForEncodings = 0;
			knownRegions = (
				en,
				Base,
			);
			mainGroup = EB5258F623D0D4A0008A562E;
			productRefGroup = EB52590023D0D4A1008A562E /* Products */;
			projectDirPath = "";
			projectRoot = "";
			targets = (
				EB5258FE23D0D4A1008A562E /* MVC tableView */,
			);
		};
/* End PBXProject section */

/* Begin PBXResourcesBuildPhase section */
		EB5258FD23D0D4A1008A562E /* Resources */ = {
			isa = PBXResourcesBuildPhase;
			buildActionMask = 2147483647;
			files = (
				EB52591D23D1169B008A562E /* CountryTableViewCell.xib in Resources */,
				EB52590F23D0D4A7008A562E /* LaunchScreen.storyboard in Resources */,
				EB52590C23D0D4A7008A562E /* Assets.xcassets in Resources */,
				EB52590A23D0D4A1008A562E /* Main.storyboard in Resources */,
			);
			runOnlyForDeploymentPostprocessing = 0;
		};
/* End PBXResourcesBuildPhase section */

/* Begin PBXSourcesBuildPhase section */
		EB5258FB23D0D4A1008A562E /* Sources */ = {
			isa = PBXSourcesBuildPhase;
			buildActionMask = 2147483647;
			files = (
				EB52591923D0DB0A008A562E /* Model.swift in Sources */,
				EB52590723D0D4A1008A562E /* ViewController.swift in Sources */,
				EB52590323D0D4A1008A562E /* AppDelegate.swift in Sources */,
				EB52590523D0D4A1008A562E /* SceneDelegate.swift in Sources */,
				EB52591C23D1169B008A562E /* CountryTableViewCell.swift in Sources */,
			);
			runOnlyForDeploymentPostprocessing = 0;
		};
/* End PBXSourcesBuildPhase section */

/* Begin PBXVariantGroup section */
		EB52590823D0D4A1008A562E /* Main.storyboard */ = {
			isa = PBXVariantGroup;
			children = (
				EB52590923D0D4A1008A562E /* Base */,
			);
			name = Main.storyboard;
			sourceTree = "<group>";
		};
		EB52590D23D0D4A7008A562E /* LaunchScreen.storyboard */ = {
			isa = PBXVariantGroup;
			children = (
				EB52590E23D0D4A7008A562E /* Base */,
			);
			name = LaunchScreen.storyboard;
			sourceTree = "<group>";
		};
/* End PBXVariantGroup section */

/* Begin XCBuildConfiguration section */
		EB52591123D0D4A7008A562E /* Debug */ = {
			isa = XCBuildConfiguration;
			buildSettings = {
				ALWAYS_SEARCH_USER_PATHS = NO;
				CLANG_ANALYZER_NONNULL = YES;
				CLANG_ANALYZER_NUMBER_OBJECT_CONVERSION = YES_AGGRESSIVE;
				CLANG_CXX_LANGUAGE_STANDARD = "gnu++14";
				CLANG_CXX_LIBRARY = "libc++";
				CLANG_ENABLE_MODULES = YES;
				CLANG_ENABLE_OBJC_ARC = YES;
				CLANG_ENABLE_OBJC_WEAK = YES;
				CLANG_WARN_BLOCK_CAPTURE_AUTORELEASING = YES;
				CLANG_WARN_BOOL_CONVERSION = YES;
				CLANG_WARN_COMMA = YES;
				CLANG_WARN_CONSTANT_CONVERSION = YES;
				CLANG_WARN_DEPRECATED_OBJC_IMPLEMENTATIONS = YES;
				CLANG_WARN_DIRECT_OBJC_ISA_USAGE = YES_ERROR;
				CLANG_WARN_DOCUMENTATION_COMMENTS = YES;
				CLANG_WARN_EMPTY_BODY = YES;
				CLANG_WARN_ENUM_CONVERSION = YES;
				CLANG_WARN_INFINITE_RECURSION = YES;
				CLANG_WARN_INT_CONVERSION = YES;
				CLANG_WARN_NON_LITERAL_NULL_CONVERSION = YES;
				CLANG_WARN_OBJC_IMPLICIT_RETAIN_SELF = YES;
				CLANG_WARN_OBJC_LITERAL_CONVERSION = YES;
				CLANG_WARN_OBJC_ROOT_CLASS = YES_ERROR;
				CLANG_WARN_RANGE_LOOP_ANALYSIS = YES;
				CLANG_WARN_STRICT_PROTOTYPES = YES;
				CLANG_WARN_SUSPICIOUS_MOVE = YES;
				CLANG_WARN_UNGUARDED_AVAILABILITY = YES_AGGRESSIVE;
				CLANG_WARN_UNREACHABLE_CODE = YES;
				CLANG_WARN__DUPLICATE_METHOD_MATCH = YES;
				COPY_PHASE_STRIP = NO;
				DEBUG_INFORMATION_FORMAT = dwarf;
				ENABLE_STRICT_OBJC_MSGSEND = YES;
				ENABLE_TESTABILITY = YES;
				GCC_C_LANGUAGE_STANDARD = gnu11;
				GCC_DYNAMIC_NO_PIC = NO;
				GCC_NO_COMMON_BLOCKS = YES;
				GCC_OPTIMIZATION_LEVEL = 0;
				GCC_PREPROCESSOR_DEFINITIONS = (
					"DEBUG=1",
					"$(inherited)",
				);
				GCC_WARN_64_TO_32_BIT_CONVERSION = YES;
				GCC_WARN_ABOUT_RETURN_TYPE = YES_ERROR;
				GCC_WARN_UNDECLARED_SELECTOR = YES;
				GCC_WARN_UNINITIALIZED_AUTOS = YES_AGGRESSIVE;
				GCC_WARN_UNUSED_FUNCTION = YES;
				GCC_WARN_UNUSED_VARIABLE = YES;
				IPHONEOS_DEPLOYMENT_TARGET = 13.2;
				MTL_ENABLE_DEBUG_INFO = INCLUDE_SOURCE;
				MTL_FAST_MATH = YES;
				ONLY_ACTIVE_ARCH = YES;
				SDKROOT = iphoneos;
				SWIFT_ACTIVE_COMPILATION_CONDITIONS = DEBUG;
				SWIFT_OPTIMIZATION_LEVEL = "-Onone";
			};
			name = Debug;
		};
		EB52591223D0D4A7008A562E /* Release */ = {
			isa = XCBuildConfiguration;
			buildSettings = {
				ALWAYS_SEARCH_USER_PATHS = NO;
				CLANG_ANALYZER_NONNULL = YES;
				CLANG_ANALYZER_NUMBER_OBJECT_CONVERSION = YES_AGGRESSIVE;
				CLANG_CXX_LANGUAGE_STANDARD = "gnu++14";
				CLANG_CXX_LIBRARY = "libc++";
				CLANG_ENABLE_MODULES = YES;
				CLANG_ENABLE_OBJC_ARC = YES;
				CLANG_ENABLE_OBJC_WEAK = YES;
				CLANG_WARN_BLOCK_CAPTURE_AUTORELEASING = YES;
				CLANG_WARN_BOOL_CONVERSION = YES;
				CLANG_WARN_COMMA = YES;
				CLANG_WARN_CONSTANT_CONVERSION = YES;
				CLANG_WARN_DEPRECATED_OBJC_IMPLEMENTATIONS = YES;
				CLANG_WARN_DIRECT_OBJC_ISA_USAGE = YES_ERROR;
				CLANG_WARN_DOCUMENTATION_COMMENTS = YES;
				CLANG_WARN_EMPTY_BODY = YES;
				CLANG_WARN_ENUM_CONVERSION = YES;
				CLANG_WARN_INFINITE_RECURSION = YES;
				CLANG_WARN_INT_CONVERSION = YES;
				CLANG_WARN_NON_LITERAL_NULL_CONVERSION = YES;
				CLANG_WARN_OBJC_IMPLICIT_RETAIN_SELF = YES;
				CLANG_WARN_OBJC_LITERAL_CONVERSION = YES;
				CLANG_WARN_OBJC_ROOT_CLASS = YES_ERROR;
				CLANG_WARN_RANGE_LOOP_ANALYSIS = YES;
				CLANG_WARN_STRICT_PROTOTYPES = YES;
				CLANG_WARN_SUSPICIOUS_MOVE = YES;
				CLANG_WARN_UNGUARDED_AVAILABILITY = YES_AGGRESSIVE;
				CLANG_WARN_UNREACHABLE_CODE = YES;
				CLANG_WARN__DUPLICATE_METHOD_MATCH = YES;
				COPY_PHASE_STRIP = NO;
				DEBUG_INFORMATION_FORMAT = "dwarf-with-dsym";
				ENABLE_NS_ASSERTIONS = NO;
				ENABLE_STRICT_OBJC_MSGSEND = YES;
				GCC_C_LANGUAGE_STANDARD = gnu11;
				GCC_NO_COMMON_BLOCKS = YES;
				GCC_WARN_64_TO_32_BIT_CONVERSION = YES;
				GCC_WARN_ABOUT_RETURN_TYPE = YES_ERROR;
				GCC_WARN_UNDECLARED_SELECTOR = YES;
				GCC_WARN_UNINITIALIZED_AUTOS = YES_AGGRESSIVE;
				GCC_WARN_UNUSED_FUNCTION = YES;
				GCC_WARN_UNUSED_VARIABLE = YES;
				IPHONEOS_DEPLOYMENT_TARGET = 13.2;
				MTL_ENABLE_DEBUG_INFO = NO;
				MTL_FAST_MATH = YES;
				SDKROOT = iphoneos;
				SWIFT_COMPILATION_MODE = wholemodule;
				SWIFT_OPTIMIZATION_LEVEL = "-O";
				VALIDATE_PRODUCT = YES;
			};
			name = Release;
		};
		EB52591423D0D4A7008A562E /* Debug */ = {
			isa = XCBuildConfiguration;
			buildSettings = {
				ASSETCATALOG_COMPILER_APPICON_NAME = AppIcon;
				CODE_SIGN_STYLE = Automatic;
				DEVELOPMENT_TEAM = F9K4YR44F8;
				INFOPLIST_FILE = "MVC tableView/Info.plist";
				LD_RUNPATH_SEARCH_PATHS = (
					"$(inherited)",
					"@executable_path/Frameworks",
				);
				PRODUCT_BUNDLE_IDENTIFIER = "com.inaganti.MVC-tableView";
				PRODUCT_NAME = "$(TARGET_NAME)";
				SWIFT_VERSION = 5.0;
				TARGETED_DEVICE_FAMILY = "1,2";
			};
			name = Debug;
		};
		EB52591523D0D4A7008A562E /* Release */ = {
			isa = XCBuildConfiguration;
			buildSettings = {
				ASSETCATALOG_COMPILER_APPICON_NAME = AppIcon;
				CODE_SIGN_STYLE = Automatic;
				DEVELOPMENT_TEAM = F9K4YR44F8;
				INFOPLIST_FILE = "MVC tableView/Info.plist";
				LD_RUNPATH_SEARCH_PATHS = (
					"$(inherited)",
					"@executable_path/Frameworks",
				);
				PRODUCT_BUNDLE_IDENTIFIER = "com.inaganti.MVC-tableView";
				PRODUCT_NAME = "$(TARGET_NAME)";
				SWIFT_VERSION = 5.0;
				TARGETED_DEVICE_FAMILY = "1,2";
			};
			name = Release;
		};
/* End XCBuildConfiguration section */

/* Begin XCConfigurationList section */
		EB5258FA23D0D4A0008A562E /* Build configuration list for PBXProject "MVC tableView" */ = {
			isa = XCConfigurationList;
			buildConfigurations = (
				EB52591123D0D4A7008A562E /* Debug */,
				EB52591223D0D4A7008A562E /* Release */,
			);
			defaultConfigurationIsVisible = 0;
			defaultConfigurationName = Release;
		};
		EB52591323D0D4A7008A562E /* Build configuration list for PBXNativeTarget "MVC tableView" */ = {
			isa = XCConfigurationList;
			buildConfigurations = (
				EB52591423D0D4A7008A562E /* Debug */,
				EB52591523D0D4A7008A562E /* Release */,
			);
			defaultConfigurationIsVisible = 0;
			defaultConfigurationName = Release;
		};
/* End XCConfigurationList section */
	};
	rootObject = EB5258F723D0D4A0008A562E /* Project object */;
}
